
Microsoft Visual Studio Solution File, Format Version 12.00
# Visual Studio Version 17
VisualStudioVersion = 17.7.34009.444
MinimumVisualStudioVersion = 10.0.40219.1
Project("{9A19103F-16F7-4668-BE54-9A1E7A4F7556}") = "lesson_2", "lesson_2\lesson_2.csproj", "{67A7224D-8CE9-49BD-BD38-605F25BD6668}"
EndProject
Global
	GlobalSection(SolutionConfigurationPlatforms) = preSolution
		Debug|Any CPU = Debug|Any CPU
		Release|Any CPU = Release|Any CPU
	EndGlobalSection
	GlobalSection(ProjectConfigurationPlatforms) = postSolution
		{67A7224D-8CE9-49BD-BD38-605F25BD6668}.Debug|Any CPU.ActiveCfg = Debug|Any CPU
		{67A7224D-8CE9-49BD-BD38-605F25BD6668}.Debug|Any CPU.Build.0 = Debug|Any CPU
		{67A7224D-8CE9-49BD-BD38-605F25BD6668}.Release|Any CPU.ActiveCfg = Release|Any CPU
		{67A7224D-8CE9-49BD-BD38-605F25BD6668}.Release|Any CPU.Build.0 = Release|Any CPU
	EndGlobalSection
	GlobalSection(SolutionProperties) = preSolution
		HideSolutionNode = FALSE
	EndGlobalSection
	GlobalSection(ExtensibilityGlobals) = postSolution
		SolutionGuid = {EB687064-5BFE-456A-8F6D-5468D68316F5}
	EndGlobalSection
EndGlobal
