
Microsoft Visual Studio Solution File, Format Version 12.00
# Visual Studio Version 17
VisualStudioVersion = 17.7.34009.444
MinimumVisualStudioVersion = 10.0.40219.1
Project("{9A19103F-16F7-4668-BE54-9A1E7A4F7556}") = "first", "first\first.csproj", "{7CC0ECA4-085A-4D93-86C7-0F181D49F577}"
EndProject
Global
	GlobalSection(SolutionConfigurationPlatforms) = preSolution
		Debug|Any CPU = Debug|Any CPU
		Release|Any CPU = Release|Any CPU
	EndGlobalSection
	GlobalSection(ProjectConfigurationPlatforms) = postSolution
		{7CC0ECA4-085A-4D93-86C7-0F181D49F577}.Debug|Any CPU.ActiveCfg = Debug|Any CPU
		{7CC0ECA4-085A-4D93-86C7-0F181D49F577}.Debug|Any CPU.Build.0 = Debug|Any CPU
		{7CC0ECA4-085A-4D93-86C7-0F181D49F577}.Release|Any CPU.ActiveCfg = Release|Any CPU
		{7CC0ECA4-085A-4D93-86C7-0F181D49F577}.Release|Any CPU.Build.0 = Release|Any CPU
	EndGlobalSection
	GlobalSection(SolutionProperties) = preSolution
		HideSolutionNode = FALSE
	EndGlobalSection
	GlobalSection(ExtensibilityGlobals) = postSolution
		SolutionGuid = {1EBA1D62-9513-495C-AA5E-C32D5A5709E4}
	EndGlobalSection
EndGlobal
